// !$*UTF8*$!
{
	archiveVersion = 1;
	classes = {
	};
	objectVersion = 46;
	objects = {

/* Begin PBXBuildFile section */
		F1C3F6661AC0D06B00726522 /* AppDelegate.swift in Sources */ = {isa = PBXBuildFile; fileRef = F1C3F6651AC0D06B00726522 /* AppDelegate.swift */; };
		F1C3F6681AC0D06B00726522 /* ViewController.swift in Sources */ = {isa = PBXBuildFile; fileRef = F1C3F6671AC0D06B00726522 /* ViewController.swift */; };
		F1C3F66B1AC0D06B00726522 /* Main.storyboard in Resources */ = {isa = PBXBuildFile; fileRef = F1C3F6691AC0D06B00726522 /* Main.storyboard */; };
		F1C3F66D1AC0D06B00726522 /* Images.xcassets in Resources */ = {isa = PBXBuildFile; fileRef = F1C3F66C1AC0D06B00726522 /* Images.xcassets */; };
		F1C3F6701AC0D06B00726522 /* LaunchScreen.xib in Resources */ = {isa = PBXBuildFile; fileRef = F1C3F66E1AC0D06B00726522 /* LaunchScreen.xib */; };
		F1C3F67C1AC0D06B00726522 /* ama_zoneTests.swift in Sources */ = {isa = PBXBuildFile; fileRef = F1C3F67B1AC0D06B00726522 /* ama_zoneTests.swift */; };
		F1C3F6871AC0D0AF00726522 /* ElastiCode.bundle in Resources */ = {isa = PBXBuildFile; fileRef = F1C3F6851AC0D0AF00726522 /* ElastiCode.bundle */; };
		F1C3F6881AC0D0AF00726522 /* ElastiCode.framework in Frameworks */ = {isa = PBXBuildFile; fileRef = F1C3F6861AC0D0AF00726522 /* ElastiCode.framework */; };
		F1C3F68A1AC0D0BD00726522 /* AVFoundation.framework in Frameworks */ = {isa = PBXBuildFile; fileRef = F1C3F6891AC0D0BD00726522 /* AVFoundation.framework */; };
		F1C3F68C1AC0D0C200726522 /* Security.framework in Frameworks */ = {isa = PBXBuildFile; fileRef = F1C3F68B1AC0D0C200726522 /* Security.framework */; };
		F1C3F68E1AC0D0CA00726522 /* SystemConfiguration.framework in Frameworks */ = {isa = PBXBuildFile; fileRef = F1C3F68D1AC0D0CA00726522 /* SystemConfiguration.framework */; };
		F1C3F6951AC0D26400726522 /* ElasticodeOnBoarding.swift in Sources */ = {isa = PBXBuildFile; fileRef = F1C3F6941AC0D26400726522 /* ElasticodeOnBoarding.swift */; };
		F1C3F6971AC0D76500726522 /* ECSplashScreen.swift in Sources */ = {isa = PBXBuildFile; fileRef = F1C3F6961AC0D76500726522 /* ECSplashScreen.swift */; };
		F1C3F6A01AC13A4900726522 /* MONActivityIndicatorView.m in Sources */ = {isa = PBXBuildFile; fileRef = F1C3F69F1AC13A4900726522 /* MONActivityIndicatorView.m */; };
/* End PBXBuildFile section */

/* Begin PBXContainerItemProxy section */
		F1C3F6761AC0D06B00726522 /* PBXContainerItemProxy */ = {
			isa = PBXContainerItemProxy;
			containerPortal = F1C3F6581AC0D06B00726522 /* Project object */;
			proxyType = 1;
			remoteGlobalIDString = F1C3F65F1AC0D06B00726522;
			remoteInfo = "ama-zone";
		};
/* End PBXContainerItemProxy section */

/* Begin PBXFileReference section */
		F1C3F6601AC0D06B00726522 /* ama-zone.app */ = {isa = PBXFileReference; explicitFileType = wrapper.application; includeInIndex = 0; path = "ama-zone.app"; sourceTree = BUILT_PRODUCTS_DIR; };
		F1C3F6641AC0D06B00726522 /* Info.plist */ = {isa = PBXFileReference; lastKnownFileType = text.plist.xml; path = Info.plist; sourceTree = "<group>"; };
		F1C3F6651AC0D06B00726522 /* AppDelegate.swift */ = {isa = PBXFileReference; lastKnownFileType = sourcecode.swift; path = AppDelegate.swift; sourceTree = "<group>"; };
		F1C3F6671AC0D06B00726522 /* ViewController.swift */ = {isa = PBXFileReference; lastKnownFileType = sourcecode.swift; path = ViewController.swift; sourceTree = "<group>"; };
		F1C3F66A1AC0D06B00726522 /* Base */ = {isa = PBXFileReference; lastKnownFileType = file.storyboard; name = Base; path = Base.lproj/Main.storyboard; sourceTree = "<group>"; };
		F1C3F66C1AC0D06B00726522 /* Images.xcassets */ = {isa = PBXFileReference; lastKnownFileType = folder.assetcatalog; path = Images.xcassets; sourceTree = "<group>"; };
		F1C3F66F1AC0D06B00726522 /* Base */ = {isa = PBXFileReference; lastKnownFileType = file.xib; name = Base; path = Base.lproj/LaunchScreen.xib; sourceTree = "<group>"; };
		F1C3F6751AC0D06B00726522 /* ama-zoneTests.xctest */ = {isa = PBXFileReference; explicitFileType = wrapper.cfbundle; includeInIndex = 0; path = "ama-zoneTests.xctest"; sourceTree = BUILT_PRODUCTS_DIR; };
		F1C3F67A1AC0D06B00726522 /* Info.plist */ = {isa = PBXFileReference; lastKnownFileType = text.plist.xml; path = Info.plist; sourceTree = "<group>"; };
		F1C3F67B1AC0D06B00726522 /* ama_zoneTests.swift */ = {isa = PBXFileReference; lastKnownFileType = sourcecode.swift; path = ama_zoneTests.swift; sourceTree = "<group>"; };
		F1C3F6851AC0D0AF00726522 /* ElastiCode.bundle */ = {isa = PBXFileReference; lastKnownFileType = "wrapper.plug-in"; path = ElastiCode.bundle; sourceTree = "<group>"; };
		F1C3F6861AC0D0AF00726522 /* ElastiCode.framework */ = {isa = PBXFileReference; lastKnownFileType = wrapper.framework; path = ElastiCode.framework; sourceTree = "<group>"; };
		F1C3F6891AC0D0BD00726522 /* AVFoundation.framework */ = {isa = PBXFileReference; lastKnownFileType = wrapper.framework; name = AVFoundation.framework; path = System/Library/Frameworks/AVFoundation.framework; sourceTree = SDKROOT; };
		F1C3F68B1AC0D0C200726522 /* Security.framework */ = {isa = PBXFileReference; lastKnownFileType = wrapper.framework; name = Security.framework; path = System/Library/Frameworks/Security.framework; sourceTree = SDKROOT; };
		F1C3F68D1AC0D0CA00726522 /* SystemConfiguration.framework */ = {isa = PBXFileReference; lastKnownFileType = wrapper.framework; name = SystemConfiguration.framework; path = System/Library/Frameworks/SystemConfiguration.framework; sourceTree = SDKROOT; };
		F1C3F68F1AC0D10200726522 /* ama-zone-Bridging-Header.h */ = {isa = PBXFileReference; lastKnownFileType = sourcecode.c.h; path = "ama-zone-Bridging-Header.h"; sourceTree = "<group>"; };
		F1C3F6941AC0D26400726522 /* ElasticodeOnBoarding.swift */ = {isa = PBXFileReference; fileEncoding = 4; lastKnownFileType = sourcecode.swift; name = ElasticodeOnBoarding.swift; path = onBoarding/ElasticodeOnBoarding.swift; sourceTree = "<group>"; };
		F1C3F6961AC0D76500726522 /* ECSplashScreen.swift */ = {isa = PBXFileReference; fileEncoding = 4; lastKnownFileType = sourcecode.swift; name = ECSplashScreen.swift; path = onBoarding/ECSplashScreen.swift; sourceTree = "<group>"; };
		F1C3F69E1AC13A4900726522 /* MONActivityIndicatorView.h */ = {isa = PBXFileReference; fileEncoding = 4; lastKnownFileType = sourcecode.c.h; path = MONActivityIndicatorView.h; sourceTree = "<group>"; };
		F1C3F69F1AC13A4900726522 /* MONActivityIndicatorView.m */ = {isa = PBXFileReference; fileEncoding = 4; lastKnownFileType = sourcecode.c.objc; path = MONActivityIndicatorView.m; sourceTree = "<group>"; };
/* End PBXFileReference section */

/* Begin PBXFrameworksBuildPhase section */
		F1C3F65D1AC0D06B00726522 /* Frameworks */ = {
			isa = PBXFrameworksBuildPhase;
			buildActionMask = 2147483647;
			files = (
				F1C3F68E1AC0D0CA00726522 /* SystemConfiguration.framework in Frameworks */,
				F1C3F68C1AC0D0C200726522 /* Security.framework in Frameworks */,
				F1C3F68A1AC0D0BD00726522 /* AVFoundation.framework in Frameworks */,
				F1C3F6881AC0D0AF00726522 /* ElastiCode.framework in Frameworks */,
			);
			runOnlyForDeploymentPostprocessing = 0;
		};
		F1C3F6721AC0D06B00726522 /* Frameworks */ = {
			isa = PBXFrameworksBuildPhase;
			buildActionMask = 2147483647;
			files = (
			);
			runOnlyForDeploymentPostprocessing = 0;
		};
/* End PBXFrameworksBuildPhase section */

/* Begin PBXGroup section */
		F1C3F6571AC0D06B00726522 = {
			isa = PBXGroup;
			children = (
				F1C3F6621AC0D06B00726522 /* ama-zone */,
				F1C3F6781AC0D06B00726522 /* ama-zoneTests */,
				F1C3F6611AC0D06B00726522 /* Products */,
				F1C3F68D1AC0D0CA00726522 /* SystemConfiguration.framework */,
				F1C3F68B1AC0D0C200726522 /* Security.framework */,
				F1C3F6891AC0D0BD00726522 /* AVFoundation.framework */,
				F1C3F68F1AC0D10200726522 /* ama-zone-Bridging-Header.h */,
			);
			sourceTree = "<group>";
		};
		F1C3F6611AC0D06B00726522 /* Products */ = {
			isa = PBXGroup;
			children = (
				F1C3F6601AC0D06B00726522 /* ama-zone.app */,
				F1C3F6751AC0D06B00726522 /* ama-zoneTests.xctest */,
			);
			name = Products;
			sourceTree = "<group>";
		};
		F1C3F6621AC0D06B00726522 /* ama-zone */ = {
			isa = PBXGroup;
			children = (
				F1C3F6851AC0D0AF00726522 /* ElastiCode.bundle */,
				F1C3F6861AC0D0AF00726522 /* ElastiCode.framework */,
				F1C3F6A11AC13D8300726522 /* onBoarding */,
				F1C3F6651AC0D06B00726522 /* AppDelegate.swift */,
				F1C3F6671AC0D06B00726522 /* ViewController.swift */,
				F1C3F6691AC0D06B00726522 /* Main.storyboard */,
				F1C3F66C1AC0D06B00726522 /* Images.xcassets */,
				F1C3F66E1AC0D06B00726522 /* LaunchScreen.xib */,
				F1C3F6631AC0D06B00726522 /* Supporting Files */,
			);
			path = "ama-zone";
			sourceTree = "<group>";
		};
		F1C3F6631AC0D06B00726522 /* Supporting Files */ = {
			isa = PBXGroup;
			children = (
				F1C3F6641AC0D06B00726522 /* Info.plist */,
			);
			name = "Supporting Files";
			sourceTree = "<group>";
		};
		F1C3F6781AC0D06B00726522 /* ama-zoneTests */ = {
			isa = PBXGroup;
			children = (
				F1C3F67B1AC0D06B00726522 /* ama_zoneTests.swift */,
				F1C3F6791AC0D06B00726522 /* Supporting Files */,
			);
			path = "ama-zoneTests";
			sourceTree = "<group>";
		};
		F1C3F6791AC0D06B00726522 /* Supporting Files */ = {
			isa = PBXGroup;
			children = (
				F1C3F67A1AC0D06B00726522 /* Info.plist */,
			);
			name = "Supporting Files";
			sourceTree = "<group>";
		};
		F1C3F6A11AC13D8300726522 /* onBoarding */ = {
			isa = PBXGroup;
			children = (
				F1C3F6941AC0D26400726522 /* ElasticodeOnBoarding.swift */,
				F1C3F69E1AC13A4900726522 /* MONActivityIndicatorView.h */,
				F1C3F69F1AC13A4900726522 /* MONActivityIndicatorView.m */,
				F1C3F6961AC0D76500726522 /* ECSplashScreen.swift */,
			);
			name = onBoarding;
			sourceTree = "<group>";
		};
/* End PBXGroup section */

/* Begin PBXNativeTarget section */
		F1C3F65F1AC0D06B00726522 /* ama-zone */ = {
			isa = PBXNativeTarget;
			buildConfigurationList = F1C3F67F1AC0D06B00726522 /* Build configuration list for PBXNativeTarget "ama-zone" */;
			buildPhases = (
				F1C3F65C1AC0D06B00726522 /* Sources */,
				F1C3F65D1AC0D06B00726522 /* Frameworks */,
				F1C3F65E1AC0D06B00726522 /* Resources */,
			);
			buildRules = (
			);
			dependencies = (
			);
			name = "ama-zone";
			productName = "ama-zone";
			productReference = F1C3F6601AC0D06B00726522 /* ama-zone.app */;
			productType = "com.apple.product-type.application";
		};
		F1C3F6741AC0D06B00726522 /* ama-zoneTests */ = {
			isa = PBXNativeTarget;
			buildConfigurationList = F1C3F6821AC0D06B00726522 /* Build configuration list for PBXNativeTarget "ama-zoneTests" */;
			buildPhases = (
				F1C3F6711AC0D06B00726522 /* Sources */,
				F1C3F6721AC0D06B00726522 /* Frameworks */,
				F1C3F6731AC0D06B00726522 /* Resources */,
			);
			buildRules = (
			);
			dependencies = (
				F1C3F6771AC0D06B00726522 /* PBXTargetDependency */,
			);
			name = "ama-zoneTests";
			productName = "ama-zoneTests";
			productReference = F1C3F6751AC0D06B00726522 /* ama-zoneTests.xctest */;
			productType = "com.apple.product-type.bundle.unit-test";
		};
/* End PBXNativeTarget section */

/* Begin PBXProject section */
		F1C3F6581AC0D06B00726522 /* Project object */ = {
			isa = PBXProject;
			attributes = {
				LastUpgradeCheck = 0620;
				ORGANIZATIONNAME = elasticode;
				TargetAttributes = {
					F1C3F65F1AC0D06B00726522 = {
						CreatedOnToolsVersion = 6.2;
					};
					F1C3F6741AC0D06B00726522 = {
						CreatedOnToolsVersion = 6.2;
						TestTargetID = F1C3F65F1AC0D06B00726522;
					};
				};
			};
			buildConfigurationList = F1C3F65B1AC0D06B00726522 /* Build configuration list for PBXProject "ama-zone" */;
			compatibilityVersion = "Xcode 3.2";
			developmentRegion = English;
			hasScannedForEncodings = 0;
			knownRegions = (
				en,
				Base,
			);
			mainGroup = F1C3F6571AC0D06B00726522;
			productRefGroup = F1C3F6611AC0D06B00726522 /* Products */;
			projectDirPath = "";
			projectRoot = "";
			targets = (
				F1C3F65F1AC0D06B00726522 /* ama-zone */,
				F1C3F6741AC0D06B00726522 /* ama-zoneTests */,
			);
		};
/* End PBXProject section */

/* Begin PBXResourcesBuildPhase section */
		F1C3F65E1AC0D06B00726522 /* Resources */ = {
			isa = PBXResourcesBuildPhase;
			buildActionMask = 2147483647;
			files = (
				F1C3F66B1AC0D06B00726522 /* Main.storyboard in Resources */,
				F1C3F6701AC0D06B00726522 /* LaunchScreen.xib in Resources */,
				F1C3F6871AC0D0AF00726522 /* ElastiCode.bundle in Resources */,
				F1C3F66D1AC0D06B00726522 /* Images.xcassets in Resources */,
			);
			runOnlyForDeploymentPostprocessing = 0;
		};
		F1C3F6731AC0D06B00726522 /* Resources */ = {
			isa = PBXResourcesBuildPhase;
			buildActionMask = 2147483647;
			files = (
			);
			runOnlyForDeploymentPostprocessing = 0;
		};
/* End PBXResourcesBuildPhase section */

/* Begin PBXSourcesBuildPhase section */
		F1C3F65C1AC0D06B00726522 /* Sources */ = {
			isa = PBXSourcesBuildPhase;
			buildActionMask = 2147483647;
			files = (
				F1C3F6A01AC13A4900726522 /* MONActivityIndicatorView.m in Sources */,
				F1C3F6951AC0D26400726522 /* ElasticodeOnBoarding.swift in Sources */,
				F1C3F6681AC0D06B00726522 /* ViewController.swift in Sources */,
				F1C3F6971AC0D76500726522 /* ECSplashScreen.swift in Sources */,
				F1C3F6661AC0D06B00726522 /* AppDelegate.swift in Sources */,
			);
			runOnlyForDeploymentPostprocessing = 0;
		};
		F1C3F6711AC0D06B00726522 /* Sources */ = {
			isa = PBXSourcesBuildPhase;
			buildActionMask = 2147483647;
			files = (
				F1C3F67C1AC0D06B00726522 /* ama_zoneTests.swift in Sources */,
			);
			runOnlyForDeploymentPostprocessing = 0;
		};
/* End PBXSourcesBuildPhase section */

/* Begin PBXTargetDependency section */
		F1C3F6771AC0D06B00726522 /* PBXTargetDependency */ = {
			isa = PBXTargetDependency;
			target = F1C3F65F1AC0D06B00726522 /* ama-zone */;
			targetProxy = F1C3F6761AC0D06B00726522 /* PBXContainerItemProxy */;
		};
/* End PBXTargetDependency section */

/* Begin PBXVariantGroup section */
		F1C3F6691AC0D06B00726522 /* Main.storyboard */ = {
			isa = PBXVariantGroup;
			children = (
				F1C3F66A1AC0D06B00726522 /* Base */,
			);
			name = Main.storyboard;
			sourceTree = "<group>";
		};
		F1C3F66E1AC0D06B00726522 /* LaunchScreen.xib */ = {
			isa = PBXVariantGroup;
			children = (
				F1C3F66F1AC0D06B00726522 /* Base */,
			);
			name = LaunchScreen.xib;
			sourceTree = "<group>";
		};
/* End PBXVariantGroup section */

/* Begin XCBuildConfiguration section */
		F1C3F67D1AC0D06B00726522 /* Debug */ = {
			isa = XCBuildConfiguration;
			buildSettings = {
				ALWAYS_SEARCH_USER_PATHS = NO;
				CLANG_CXX_LANGUAGE_STANDARD = "gnu++0x";
				CLANG_CXX_LIBRARY = "libc++";
				CLANG_ENABLE_MODULES = YES;
				CLANG_ENABLE_OBJC_ARC = YES;
				CLANG_WARN_BOOL_CONVERSION = YES;
				CLANG_WARN_CONSTANT_CONVERSION = YES;
				CLANG_WARN_DIRECT_OBJC_ISA_USAGE = YES_ERROR;
				CLANG_WARN_EMPTY_BODY = YES;
				CLANG_WARN_ENUM_CONVERSION = YES;
				CLANG_WARN_INT_CONVERSION = YES;
				CLANG_WARN_OBJC_ROOT_CLASS = YES_ERROR;
				CLANG_WARN_UNREACHABLE_CODE = YES;
				CLANG_WARN__DUPLICATE_METHOD_MATCH = YES;
				"CODE_SIGN_IDENTITY[sdk=iphoneos*]" = "iPhone Developer";
				COPY_PHASE_STRIP = NO;
				ENABLE_STRICT_OBJC_MSGSEND = YES;
				GCC_C_LANGUAGE_STANDARD = gnu99;
				GCC_DYNAMIC_NO_PIC = NO;
				GCC_OPTIMIZATION_LEVEL = 0;
				GCC_PREPROCESSOR_DEFINITIONS = (
					"DEBUG=1",
					"$(inherited)",
				);
				GCC_SYMBOLS_PRIVATE_EXTERN = NO;
				GCC_WARN_64_TO_32_BIT_CONVERSION = YES;
				GCC_WARN_ABOUT_RETURN_TYPE = YES_ERROR;
				GCC_WARN_UNDECLARED_SELECTOR = YES;
				GCC_WARN_UNINITIALIZED_AUTOS = YES_AGGRESSIVE;
				GCC_WARN_UNUSED_FUNCTION = YES;
				GCC_WARN_UNUSED_VARIABLE = YES;
				IPHONEOS_DEPLOYMENT_TARGET = 8.2;
				MTL_ENABLE_DEBUG_INFO = YES;
				ONLY_ACTIVE_ARCH = YES;
				SDKROOT = iphoneos;
				SWIFT_OPTIMIZATION_LEVEL = "-Onone";
			};
			name = Debug;
		};
		F1C3F67E1AC0D06B00726522 /* Release */ = {
			isa = XCBuildConfiguration;
			buildSettings = {
				ALWAYS_SEARCH_USER_PATHS = NO;
				CLANG_CXX_LANGUAGE_STANDARD = "gnu++0x";
				CLANG_CXX_LIBRARY = "libc++";
				CLANG_ENABLE_MODULES = YES;
				CLANG_ENABLE_OBJC_ARC = YES;
				CLANG_WARN_BOOL_CONVERSION = YES;
				CLANG_WARN_CONSTANT_CONVERSION = YES;
				CLANG_WARN_DIRECT_OBJC_ISA_USAGE = YES_ERROR;
				CLANG_WARN_EMPTY_BODY = YES;
				CLANG_WARN_ENUM_CONVERSION = YES;
				CLANG_WARN_INT_CONVERSION = YES;
				CLANG_WARN_OBJC_ROOT_CLASS = YES_ERROR;
				CLANG_WARN_UNREACHABLE_CODE = YES;
				CLANG_WARN__DUPLICATE_METHOD_MATCH = YES;
				"CODE_SIGN_IDENTITY[sdk=iphoneos*]" = "iPhone Developer";
				COPY_PHASE_STRIP = NO;
				ENABLE_NS_ASSERTIONS = NO;
				ENABLE_STRICT_OBJC_MSGSEND = YES;
				GCC_C_LANGUAGE_STANDARD = gnu99;
				GCC_WARN_64_TO_32_BIT_CONVERSION = YES;
				GCC_WARN_ABOUT_RETURN_TYPE = YES_ERROR;
				GCC_WARN_UNDECLARED_SELECTOR = YES;
				GCC_WARN_UNINITIALIZED_AUTOS = YES_AGGRESSIVE;
				GCC_WARN_UNUSED_FUNCTION = YES;
				GCC_WARN_UNUSED_VARIABLE = YES;
				IPHONEOS_DEPLOYMENT_TARGET = 8.2;
				MTL_ENABLE_DEBUG_INFO = NO;
				SDKROOT = iphoneos;
				VALIDATE_PRODUCT = YES;
			};
			name = Release;
		};
		F1C3F6801AC0D06B00726522 /* Debug */ = {
			isa = XCBuildConfiguration;
			buildSettings = {
				ASSETCATALOG_COMPILER_APPICON_NAME = AppIcon;
				ASSETCATALOG_COMPILER_LAUNCHIMAGE_NAME = LaunchImage;
				CLANG_ENABLE_MODULES = YES;
				FRAMEWORK_SEARCH_PATHS = (
					"$(inherited)",
					"$(PROJECT_DIR)/ama-zone",
				);
				INFOPLIST_FILE = "ama-zone/Info.plist";
				LD_RUNPATH_SEARCH_PATHS = "$(inherited) @executable_path/Frameworks";
				PRODUCT_NAME = "$(TARGET_NAME)";
				SWIFT_OBJC_BRIDGING_HEADER = "ama-zone-Bridging-Header.h";
				SWIFT_OPTIMIZATION_LEVEL = "-Onone";
			};
			name = Debug;
		};
		F1C3F6811AC0D06B00726522 /* Release */ = {
			isa = XCBuildConfiguration;
			buildSettings = {
				ASSETCATALOG_COMPILER_APPICON_NAME = AppIcon;
				ASSETCATALOG_COMPILER_LAUNCHIMAGE_NAME = LaunchImage;
				CLANG_ENABLE_MODULES = YES;
				FRAMEWORK_SEARCH_PATHS = (
					"$(inherited)",
					"$(PROJECT_DIR)/ama-zone",
				);
				INFOPLIST_FILE = "ama-zone/Info.plist";
				LD_RUNPATH_SEARCH_PATHS = "$(inherited) @executable_path/Frameworks";
				PRODUCT_NAME = "$(TARGET_NAME)";
				SWIFT_OBJC_BRIDGING_HEADER = "ama-zone-Bridging-Header.h";
			};
			name = Release;
		};
		F1C3F6831AC0D06B00726522 /* Debug */ = {
			isa = XCBuildConfiguration;
			buildSettings = {
				BUNDLE_LOADER = "$(TEST_HOST)";
				FRAMEWORK_SEARCH_PATHS = (
					"$(SDKROOT)/Developer/Library/Frameworks",
					"$(inherited)",
				);
				GCC_PREPROCESSOR_DEFINITIONS = (
					"DEBUG=1",
					"$(inherited)",
				);
				INFOPLIST_FILE = "ama-zoneTests/Info.plist";
				LD_RUNPATH_SEARCH_PATHS = "$(inherited) @executable_path/Frameworks @loader_path/Frameworks";
				PRODUCT_NAME = "$(TARGET_NAME)";
				TEST_HOST = "$(BUILT_PRODUCTS_DIR)/ama-zone.app/ama-zone";
			};
			name = Debug;
		};
		F1C3F6841AC0D06B00726522 /* Release */ = {
			isa = XCBuildConfiguration;
			buildSettings = {
				BUNDLE_LOADER = "$(TEST_HOST)";
				FRAMEWORK_SEARCH_PATHS = (
					"$(SDKROOT)/Developer/Library/Frameworks",
					"$(inherited)",
				);
				INFOPLIST_FILE = "ama-zoneTests/Info.plist";
				LD_RUNPATH_SEARCH_PATHS = "$(inherited) @executable_path/Frameworks @loader_path/Frameworks";
				PRODUCT_NAME = "$(TARGET_NAME)";
				TEST_HOST = "$(BUILT_PRODUCTS_DIR)/ama-zone.app/ama-zone";
			};
			name = Release;
		};
/* End XCBuildConfiguration section */

/* Begin XCConfigurationList section */
		F1C3F65B1AC0D06B00726522 /* Build configuration list for PBXProject "ama-zone" */ = {
			isa = XCConfigurationList;
			buildConfigurations = (
				F1C3F67D1AC0D06B00726522 /* Debug */,
				F1C3F67E1AC0D06B00726522 /* Release */,
			);
			defaultConfigurationIsVisible = 0;
			defaultConfigurationName = Release;
		};
		F1C3F67F1AC0D06B00726522 /* Build configuration list for PBXNativeTarget "ama-zone" */ = {
			isa = XCConfigurationList;
			buildConfigurations = (
				F1C3F6801AC0D06B00726522 /* Debug */,
				F1C3F6811AC0D06B00726522 /* Release */,
			);
			defaultConfigurationIsVisible = 0;
		};
		F1C3F6821AC0D06B00726522 /* Build configuration list for PBXNativeTarget "ama-zoneTests" */ = {
			isa = XCConfigurationList;
			buildConfigurations = (
				F1C3F6831AC0D06B00726522 /* Debug */,
				F1C3F6841AC0D06B00726522 /* Release */,
			);
			defaultConfigurationIsVisible = 0;
		};
/* End XCConfigurationList section */
	};
	rootObject = F1C3F6581AC0D06B00726522 /* Project object */;
}
